
Microsoft Visual Studio Solution File, Format Version 12.00
# Visual Studio 14
VisualStudioVersion = 14.0.23107.0
MinimumVisualStudioVersion = 10.0.40219.1
Project("{F2A71F9B-5D33-465A-A702-920D77279786}") = "Sample.Tests", "Sample.Tests\Sample.Tests.fsproj", "{B0FBEB7F-689B-4B45-9F2F-D270E8234C34}"
EndProject
Project("{FAE04EC0-301F-11D3-BF4B-00C04F79EFBC}") = "Sample", "Sample\Sample.csproj", "{AF815768-55F7-4947-818F-B94C70587827}"
EndProject
Global
	GlobalSection(SolutionConfigurationPlatforms) = preSolution
		Debug|Any CPU = Debug|Any CPU
		Release|Any CPU = Release|Any CPU
	EndGlobalSection
	GlobalSection(ProjectConfigurationPlatforms) = postSolution
		{B0FBEB7F-689B-4B45-9F2F-D270E8234C34}.Debug|Any CPU.ActiveCfg = Debug|Any CPU
		{B0FBEB7F-689B-4B45-9F2F-D270E8234C34}.Debug|Any CPU.Build.0 = Debug|Any CPU
		{B0FBEB7F-689B-4B45-9F2F-D270E8234C34}.Release|Any CPU.ActiveCfg = Release|Any CPU
		{B0FBEB7F-689B-4B45-9F2F-D270E8234C34}.Release|Any CPU.Build.0 = Release|Any CPU
		{AF815768-55F7-4947-818F-B94C70587827}.Debug|Any CPU.ActiveCfg = Debug|Any CPU
		{AF815768-55F7-4947-818F-B94C70587827}.Debug|Any CPU.Build.0 = Debug|Any CPU
		{AF815768-55F7-4947-818F-B94C70587827}.Release|Any CPU.ActiveCfg = Release|Any CPU
		{AF815768-55F7-4947-818F-B94C70587827}.Release|Any CPU.Build.0 = Release|Any CPU
	EndGlobalSection
	GlobalSection(SolutionProperties) = preSolution
		HideSolutionNode = FALSE
	EndGlobalSection
EndGlobal
